
Microsoft Visual Studio Solution File, Format Version 12.00
# Visual Studio Version 17
VisualStudioVersion = 17.4.33205.214
MinimumVisualStudioVersion = 10.0.40219.1
Project("{FAE04EC0-301F-11D3-BF4B-00C04F79EFBC}") = "LKS HOTEL API", "LKS HOTEL API\LKS HOTEL API.csproj", "{E10495CF-44A8-4AF3-A082-0CF468CF5F8D}"
EndProject
Global
	GlobalSection(SolutionConfigurationPlatforms) = preSolution
		Debug|Any CPU = Debug|Any CPU
		Release|Any CPU = Release|Any CPU
	EndGlobalSection
	GlobalSection(ProjectConfigurationPlatforms) = postSolution
		{E10495CF-44A8-4AF3-A082-0CF468CF5F8D}.Debug|Any CPU.ActiveCfg = Debug|Any CPU
		{E10495CF-44A8-4AF3-A082-0CF468CF5F8D}.Debug|Any CPU.Build.0 = Debug|Any CPU
		{E10495CF-44A8-4AF3-A082-0CF468CF5F8D}.Release|Any CPU.ActiveCfg = Release|Any CPU
		{E10495CF-44A8-4AF3-A082-0CF468CF5F8D}.Release|Any CPU.Build.0 = Release|Any CPU
	EndGlobalSection
	GlobalSection(SolutionProperties) = preSolution
		HideSolutionNode = FALSE
	EndGlobalSection
	GlobalSection(ExtensibilityGlobals) = postSolution
		SolutionGuid = {16366013-CD74-45C5-9091-F037EA7446C5}
	EndGlobalSection
EndGlobal
